
Microsoft Visual Studio Solution File, Format Version 12.00
# Visual Studio Version 17
VisualStudioVersion = 17.3.32929.385
MinimumVisualStudioVersion = 10.0.40219.1
Project("{FAE04EC0-301F-11D3-BF4B-00C04F79EFBC}") = "ConsoleAppFirst", "ConsoleAppFirst\ConsoleAppFirst.csproj", "{3F656AE6-5410-42C0-AA3D-C353DF8293A3}"
EndProject
Global
	GlobalSection(SolutionConfigurationPlatforms) = preSolution
		Debug|Any CPU = Debug|Any CPU
		Release|Any CPU = Release|Any CPU
	EndGlobalSection
	GlobalSection(ProjectConfigurationPlatforms) = postSolution
		{3F656AE6-5410-42C0-AA3D-C353DF8293A3}.Debug|Any CPU.ActiveCfg = Debug|Any CPU
		{3F656AE6-5410-42C0-AA3D-C353DF8293A3}.Debug|Any CPU.Build.0 = Debug|Any CPU
		{3F656AE6-5410-42C0-AA3D-C353DF8293A3}.Release|Any CPU.ActiveCfg = Release|Any CPU
		{3F656AE6-5410-42C0-AA3D-C353DF8293A3}.Release|Any CPU.Build.0 = Release|Any CPU
	EndGlobalSection
	GlobalSection(SolutionProperties) = preSolution
		HideSolutionNode = FALSE
	EndGlobalSection
	GlobalSection(ExtensibilityGlobals) = postSolution
		SolutionGuid = {30395E66-1532-4B78-BF32-F5BC3790F576}
	EndGlobalSection
EndGlobal
